// !$*UTF8*$!
{
	archiveVersion = 1;
	classes = {
	};
	objectVersion = 46;
	objects = {

/* Begin PBXBuildFile section */
		4E82844A19A900D200E0AC85 /* Foundation.framework in Frameworks */ = {isa = PBXBuildFile; fileRef = 4E82844919A900D200E0AC85 /* Foundation.framework */; };
		4E82844C19A900D200E0AC85 /* CoreGraphics.framework in Frameworks */ = {isa = PBXBuildFile; fileRef = 4E82844B19A900D200E0AC85 /* CoreGraphics.framework */; };
		4E82844E19A900D200E0AC85 /* UIKit.framework in Frameworks */ = {isa = PBXBuildFile; fileRef = 4E82844D19A900D200E0AC85 /* UIKit.framework */; };
		4E82845419A900D200E0AC85 /* InfoPlist.strings in Resources */ = {isa = PBXBuildFile; fileRef = 4E82845219A900D200E0AC85 /* InfoPlist.strings */; };
		4E82845619A900D200E0AC85 /* main.m in Sources */ = {isa = PBXBuildFile; fileRef = 4E82845519A900D200E0AC85 /* main.m */; };
		4E82845A19A900D200E0AC85 /* AppDelegate.m in Sources */ = {isa = PBXBuildFile; fileRef = 4E82845919A900D200E0AC85 /* AppDelegate.m */; };
		4E82845D19A900D200E0AC85 /* Main.storyboard in Resources */ = {isa = PBXBuildFile; fileRef = 4E82845B19A900D200E0AC85 /* Main.storyboard */; };
		4E82846019A900D200E0AC85 /* FirstViewController.m in Sources */ = {isa = PBXBuildFile; fileRef = 4E82845F19A900D200E0AC85 /* FirstViewController.m */; };
		4E82846319A900D200E0AC85 /* SecondViewController.m in Sources */ = {isa = PBXBuildFile; fileRef = 4E82846219A900D200E0AC85 /* SecondViewController.m */; };
		4E82846519A900D200E0AC85 /* Images.xcassets in Resources */ = {isa = PBXBuildFile; fileRef = 4E82846419A900D200E0AC85 /* Images.xcassets */; };
		4E82846C19A900D200E0AC85 /* XCTest.framework in Frameworks */ = {isa = PBXBuildFile; fileRef = 4E82846B19A900D200E0AC85 /* XCTest.framework */; };
		4E82846D19A900D200E0AC85 /* Foundation.framework in Frameworks */ = {isa = PBXBuildFile; fileRef = 4E82844919A900D200E0AC85 /* Foundation.framework */; };
		4E82846E19A900D200E0AC85 /* UIKit.framework in Frameworks */ = {isa = PBXBuildFile; fileRef = 4E82844D19A900D200E0AC85 /* UIKit.framework */; };
		4E82847619A900D200E0AC85 /* InfoPlist.strings in Resources */ = {isa = PBXBuildFile; fileRef = 4E82847419A900D200E0AC85 /* InfoPlist.strings */; };
		4E82847819A900D200E0AC85 /* WatchMyBagsTests.m in Sources */ = {isa = PBXBuildFile; fileRef = 4E82847719A900D200E0AC85 /* WatchMyBagsTests.m */; };
/* End PBXBuildFile section */

/* Begin PBXContainerItemProxy section */
		4E82846F19A900D200E0AC85 /* PBXContainerItemProxy */ = {
			isa = PBXContainerItemProxy;
			containerPortal = 4E82843E19A900D200E0AC85 /* Project object */;
			proxyType = 1;
			remoteGlobalIDString = 4E82844519A900D200E0AC85;
			remoteInfo = WatchMyBags;
		};
/* End PBXContainerItemProxy section */

/* Begin PBXFileReference section */
		4E82844619A900D200E0AC85 /* WatchMyBags.app */ = {isa = PBXFileReference; explicitFileType = wrapper.application; includeInIndex = 0; path = WatchMyBags.app; sourceTree = BUILT_PRODUCTS_DIR; };
		4E82844919A900D200E0AC85 /* Foundation.framework */ = {isa = PBXFileReference; lastKnownFileType = wrapper.framework; name = Foundation.framework; path = System/Library/Frameworks/Foundation.framework; sourceTree = SDKROOT; };
		4E82844B19A900D200E0AC85 /* CoreGraphics.framework */ = {isa = PBXFileReference; lastKnownFileType = wrapper.framework; name = CoreGraphics.framework; path = System/Library/Frameworks/CoreGraphics.framework; sourceTree = SDKROOT; };
		4E82844D19A900D200E0AC85 /* UIKit.framework */ = {isa = PBXFileReference; lastKnownFileType = wrapper.framework; name = UIKit.framework; path = System/Library/Frameworks/UIKit.framework; sourceTree = SDKROOT; };
		4E82845119A900D200E0AC85 /* WatchMyBags-Info.plist */ = {isa = PBXFileReference; lastKnownFileType = text.plist.xml; path = "WatchMyBags-Info.plist"; sourceTree = "<group>"; };
		4E82845319A900D200E0AC85 /* en */ = {isa = PBXFileReference; lastKnownFileType = text.plist.strings; name = en; path = en.lproj/InfoPlist.strings; sourceTree = "<group>"; };
		4E82845519A900D200E0AC85 /* main.m */ = {isa = PBXFileReference; lastKnownFileType = sourcecode.c.objc; path = main.m; sourceTree = "<group>"; };
		4E82845719A900D200E0AC85 /* WatchMyBags-Prefix.pch */ = {isa = PBXFileReference; lastKnownFileType = sourcecode.c.h; path = "WatchMyBags-Prefix.pch"; sourceTree = "<group>"; };
		4E82845819A900D200E0AC85 /* AppDelegate.h */ = {isa = PBXFileReference; lastKnownFileType = sourcecode.c.h; path = AppDelegate.h; sourceTree = "<group>"; };
		4E82845919A900D200E0AC85 /* AppDelegate.m */ = {isa = PBXFileReference; lastKnownFileType = sourcecode.c.objc; path = AppDelegate.m; sourceTree = "<group>"; };
		4E82845C19A900D200E0AC85 /* Base */ = {isa = PBXFileReference; lastKnownFileType = file.storyboard; name = Base; path = Base.lproj/Main.storyboard; sourceTree = "<group>"; };
		4E82845E19A900D200E0AC85 /* FirstViewController.h */ = {isa = PBXFileReference; lastKnownFileType = sourcecode.c.h; path = FirstViewController.h; sourceTree = "<group>"; };
		4E82845F19A900D200E0AC85 /* FirstViewController.m */ = {isa = PBXFileReference; lastKnownFileType = sourcecode.c.objc; path = FirstViewController.m; sourceTree = "<group>"; };
		4E82846119A900D200E0AC85 /* SecondViewController.h */ = {isa = PBXFileReference; lastKnownFileType = sourcecode.c.h; path = SecondViewController.h; sourceTree = "<group>"; };
		4E82846219A900D200E0AC85 /* SecondViewController.m */ = {isa = PBXFileReference; lastKnownFileType = sourcecode.c.objc; path = SecondViewController.m; sourceTree = "<group>"; };
		4E82846419A900D200E0AC85 /* Images.xcassets */ = {isa = PBXFileReference; lastKnownFileType = folder.assetcatalog; path = Images.xcassets; sourceTree = "<group>"; };
		4E82846A19A900D200E0AC85 /* WatchMyBagsTests.xctest */ = {isa = PBXFileReference; explicitFileType = wrapper.cfbundle; includeInIndex = 0; path = WatchMyBagsTests.xctest; sourceTree = BUILT_PRODUCTS_DIR; };
		4E82846B19A900D200E0AC85 /* XCTest.framework */ = {isa = PBXFileReference; lastKnownFileType = wrapper.framework; name = XCTest.framework; path = Library/Frameworks/XCTest.framework; sourceTree = DEVELOPER_DIR; };
		4E82847319A900D200E0AC85 /* WatchMyBagsTests-Info.plist */ = {isa = PBXFileReference; lastKnownFileType = text.plist.xml; path = "WatchMyBagsTests-Info.plist"; sourceTree = "<group>"; };
		4E82847519A900D200E0AC85 /* en */ = {isa = PBXFileReference; lastKnownFileType = text.plist.strings; name = en; path = en.lproj/InfoPlist.strings; sourceTree = "<group>"; };
		4E82847719A900D200E0AC85 /* WatchMyBagsTests.m */ = {isa = PBXFileReference; lastKnownFileType = sourcecode.c.objc; path = WatchMyBagsTests.m; sourceTree = "<group>"; };
/* End PBXFileReference section */

/* Begin PBXFrameworksBuildPhase section */
		4E82844319A900D200E0AC85 /* Frameworks */ = {
			isa = PBXFrameworksBuildPhase;
			buildActionMask = 2147483647;
			files = (
				4E82844C19A900D200E0AC85 /* CoreGraphics.framework in Frameworks */,
				4E82844E19A900D200E0AC85 /* UIKit.framework in Frameworks */,
				4E82844A19A900D200E0AC85 /* Foundation.framework in Frameworks */,
			);
			runOnlyForDeploymentPostprocessing = 0;
		};
		4E82846719A900D200E0AC85 /* Frameworks */ = {
			isa = PBXFrameworksBuildPhase;
			buildActionMask = 2147483647;
			files = (
				4E82846C19A900D200E0AC85 /* XCTest.framework in Frameworks */,
				4E82846E19A900D200E0AC85 /* UIKit.framework in Frameworks */,
				4E82846D19A900D200E0AC85 /* Foundation.framework in Frameworks */,
			);
			runOnlyForDeploymentPostprocessing = 0;
		};
/* End PBXFrameworksBuildPhase section */

/* Begin PBXGroup section */
		4E82843D19A900D200E0AC85 = {
			isa = PBXGroup;
			children = (
				4E82844F19A900D200E0AC85 /* WatchMyBags */,
				4E82847119A900D200E0AC85 /* WatchMyBagsTests */,
				4E82844819A900D200E0AC85 /* Frameworks */,
				4E82844719A900D200E0AC85 /* Products */,
			);
			sourceTree = "<group>";
		};
		4E82844719A900D200E0AC85 /* Products */ = {
			isa = PBXGroup;
			children = (
				4E82844619A900D200E0AC85 /* WatchMyBags.app */,
				4E82846A19A900D200E0AC85 /* WatchMyBagsTests.xctest */,
			);
			name = Products;
			sourceTree = "<group>";
		};
		4E82844819A900D200E0AC85 /* Frameworks */ = {
			isa = PBXGroup;
			children = (
				4E82844919A900D200E0AC85 /* Foundation.framework */,
				4E82844B19A900D200E0AC85 /* CoreGraphics.framework */,
				4E82844D19A900D200E0AC85 /* UIKit.framework */,
				4E82846B19A900D200E0AC85 /* XCTest.framework */,
			);
			name = Frameworks;
			sourceTree = "<group>";
		};
		4E82844F19A900D200E0AC85 /* WatchMyBags */ = {
			isa = PBXGroup;
			children = (
				4E82845819A900D200E0AC85 /* AppDelegate.h */,
				4E82845919A900D200E0AC85 /* AppDelegate.m */,
				4E82845B19A900D200E0AC85 /* Main.storyboard */,
				4E82845E19A900D200E0AC85 /* FirstViewController.h */,
				4E82845F19A900D200E0AC85 /* FirstViewController.m */,
				4E82846119A900D200E0AC85 /* SecondViewController.h */,
				4E82846219A900D200E0AC85 /* SecondViewController.m */,
				4E82846419A900D200E0AC85 /* Images.xcassets */,
				4E82845019A900D200E0AC85 /* Supporting Files */,
			);
			path = WatchMyBags;
			sourceTree = "<group>";
		};
		4E82845019A900D200E0AC85 /* Supporting Files */ = {
			isa = PBXGroup;
			children = (
				4E82845119A900D200E0AC85 /* WatchMyBags-Info.plist */,
				4E82845219A900D200E0AC85 /* InfoPlist.strings */,
				4E82845519A900D200E0AC85 /* main.m */,
				4E82845719A900D200E0AC85 /* WatchMyBags-Prefix.pch */,
			);
			name = "Supporting Files";
			sourceTree = "<group>";
		};
		4E82847119A900D200E0AC85 /* WatchMyBagsTests */ = {
			isa = PBXGroup;
			children = (
				4E82847719A900D200E0AC85 /* WatchMyBagsTests.m */,
				4E82847219A900D200E0AC85 /* Supporting Files */,
			);
			path = WatchMyBagsTests;
			sourceTree = "<group>";
		};
		4E82847219A900D200E0AC85 /* Supporting Files */ = {
			isa = PBXGroup;
			children = (
				4E82847319A900D200E0AC85 /* WatchMyBagsTests-Info.plist */,
				4E82847419A900D200E0AC85 /* InfoPlist.strings */,
			);
			name = "Supporting Files";
			sourceTree = "<group>";
		};
/* End PBXGroup section */

/* Begin PBXNativeTarget section */
		4E82844519A900D200E0AC85 /* WatchMyBags */ = {
			isa = PBXNativeTarget;
			buildConfigurationList = 4E82847B19A900D200E0AC85 /* Build configuration list for PBXNativeTarget "WatchMyBags" */;
			buildPhases = (
				4E82844219A900D200E0AC85 /* Sources */,
				4E82844319A900D200E0AC85 /* Frameworks */,
				4E82844419A900D200E0AC85 /* Resources */,
			);
			buildRules = (
			);
			dependencies = (
			);
			name = WatchMyBags;
			productName = WatchMyBags;
			productReference = 4E82844619A900D200E0AC85 /* WatchMyBags.app */;
			productType = "com.apple.product-type.application";
		};
		4E82846919A900D200E0AC85 /* WatchMyBagsTests */ = {
			isa = PBXNativeTarget;
			buildConfigurationList = 4E82847E19A900D200E0AC85 /* Build configuration list for PBXNativeTarget "WatchMyBagsTests" */;
			buildPhases = (
				4E82846619A900D200E0AC85 /* Sources */,
				4E82846719A900D200E0AC85 /* Frameworks */,
				4E82846819A900D200E0AC85 /* Resources */,
			);
			buildRules = (
			);
			dependencies = (
				4E82847019A900D200E0AC85 /* PBXTargetDependency */,
			);
			name = WatchMyBagsTests;
			productName = WatchMyBagsTests;
			productReference = 4E82846A19A900D200E0AC85 /* WatchMyBagsTests.xctest */;
			productType = "com.apple.product-type.bundle.unit-test";
		};
/* End PBXNativeTarget section */

/* Begin PBXProject section */
		4E82843E19A900D200E0AC85 /* Project object */ = {
			isa = PBXProject;
			attributes = {
				LastUpgradeCheck = 0510;
				ORGANIZATIONNAME = "Dantha Manikka-Baduge";
				TargetAttributes = {
					4E82846919A900D200E0AC85 = {
						TestTargetID = 4E82844519A900D200E0AC85;
					};
				};
			};
			buildConfigurationList = 4E82844119A900D200E0AC85 /* Build configuration list for PBXProject "WatchMyBags" */;
			compatibilityVersion = "Xcode 3.2";
			developmentRegion = English;
			hasScannedForEncodings = 0;
			knownRegions = (
				en,
				Base,
			);
			mainGroup = 4E82843D19A900D200E0AC85;
			productRefGroup = 4E82844719A900D200E0AC85 /* Products */;
			projectDirPath = "";
			projectRoot = "";
			targets = (
				4E82844519A900D200E0AC85 /* WatchMyBags */,
				4E82846919A900D200E0AC85 /* WatchMyBagsTests */,
			);
		};
/* End PBXProject section */

/* Begin PBXResourcesBuildPhase section */
		4E82844419A900D200E0AC85 /* Resources */ = {
			isa = PBXResourcesBuildPhase;
			buildActionMask = 2147483647;
			files = (
				4E82846519A900D200E0AC85 /* Images.xcassets in Resources */,
				4E82845419A900D200E0AC85 /* InfoPlist.strings in Resources */,
				4E82845D19A900D200E0AC85 /* Main.storyboard in Resources */,
			);
			runOnlyForDeploymentPostprocessing = 0;
		};
		4E82846819A900D200E0AC85 /* Resources */ = {
			isa = PBXResourcesBuildPhase;
			buildActionMask = 2147483647;
			files = (
				4E82847619A900D200E0AC85 /* InfoPlist.strings in Resources */,
			);
			runOnlyForDeploymentPostprocessing = 0;
		};
/* End PBXResourcesBuildPhase section */

/* Begin PBXSourcesBuildPhase section */
		4E82844219A900D200E0AC85 /* Sources */ = {
			isa = PBXSourcesBuildPhase;
			buildActionMask = 2147483647;
			files = (
				4E82846319A900D200E0AC85 /* SecondViewController.m in Sources */,
				4E82845A19A900D200E0AC85 /* AppDelegate.m in Sources */,
				4E82846019A900D200E0AC85 /* FirstViewController.m in Sources */,
				4E82845619A900D200E0AC85 /* main.m in Sources */,
			);
			runOnlyForDeploymentPostprocessing = 0;
		};
		4E82846619A900D200E0AC85 /* Sources */ = {
			isa = PBXSourcesBuildPhase;
			buildActionMask = 2147483647;
			files = (
				4E82847819A900D200E0AC85 /* WatchMyBagsTests.m in Sources */,
			);
			runOnlyForDeploymentPostprocessing = 0;
		};
/* End PBXSourcesBuildPhase section */

/* Begin PBXTargetDependency section */
		4E82847019A900D200E0AC85 /* PBXTargetDependency */ = {
			isa = PBXTargetDependency;
			target = 4E82844519A900D200E0AC85 /* WatchMyBags */;
			targetProxy = 4E82846F19A900D200E0AC85 /* PBXContainerItemProxy */;
		};
/* End PBXTargetDependency section */

/* Begin PBXVariantGroup section */
		4E82845219A900D200E0AC85 /* InfoPlist.strings */ = {
			isa = PBXVariantGroup;
			children = (
				4E82845319A900D200E0AC85 /* en */,
			);
			name = InfoPlist.strings;
			sourceTree = "<group>";
		};
		4E82845B19A900D200E0AC85 /* Main.storyboard */ = {
			isa = PBXVariantGroup;
			children = (
				4E82845C19A900D200E0AC85 /* Base */,
			);
			name = Main.storyboard;
			sourceTree = "<group>";
		};
		4E82847419A900D200E0AC85 /* InfoPlist.strings */ = {
			isa = PBXVariantGroup;
			children = (
				4E82847519A900D200E0AC85 /* en */,
			);
			name = InfoPlist.strings;
			sourceTree = "<group>";
		};
/* End PBXVariantGroup section */

/* Begin XCBuildConfiguration section */
		4E82847919A900D200E0AC85 /* Debug */ = {
			isa = XCBuildConfiguration;
			buildSettings = {
				ALWAYS_SEARCH_USER_PATHS = NO;
				CLANG_CXX_LANGUAGE_STANDARD = "gnu++0x";
				CLANG_CXX_LIBRARY = "libc++";
				CLANG_ENABLE_MODULES = YES;
				CLANG_ENABLE_OBJC_ARC = YES;
				CLANG_WARN_BOOL_CONVERSION = YES;
				CLANG_WARN_CONSTANT_CONVERSION = YES;
				CLANG_WARN_DIRECT_OBJC_ISA_USAGE = YES_ERROR;
				CLANG_WARN_EMPTY_BODY = YES;
				CLANG_WARN_ENUM_CONVERSION = YES;
				CLANG_WARN_INT_CONVERSION = YES;
				CLANG_WARN_OBJC_ROOT_CLASS = YES_ERROR;
				CLANG_WARN__DUPLICATE_METHOD_MATCH = YES;
				"CODE_SIGN_IDENTITY[sdk=iphoneos*]" = "iPhone Developer";
				COPY_PHASE_STRIP = NO;
				GCC_C_LANGUAGE_STANDARD = gnu99;
				GCC_DYNAMIC_NO_PIC = NO;
				GCC_OPTIMIZATION_LEVEL = 0;
				GCC_PREPROCESSOR_DEFINITIONS = (
					"DEBUG=1",
					"$(inherited)",
				);
				GCC_SYMBOLS_PRIVATE_EXTERN = NO;
				GCC_WARN_64_TO_32_BIT_CONVERSION = YES;
				GCC_WARN_ABOUT_RETURN_TYPE = YES_ERROR;
				GCC_WARN_UNDECLARED_SELECTOR = YES;
				GCC_WARN_UNINITIALIZED_AUTOS = YES_AGGRESSIVE;
				GCC_WARN_UNUSED_FUNCTION = YES;
				GCC_WARN_UNUSED_VARIABLE = YES;
				IPHONEOS_DEPLOYMENT_TARGET = 7.1;
				ONLY_ACTIVE_ARCH = YES;
				SDKROOT = iphoneos;
			};
			name = Debug;
		};
		4E82847A19A900D200E0AC85 /* Release */ = {
			isa = XCBuildConfiguration;
			buildSettings = {
				ALWAYS_SEARCH_USER_PATHS = NO;
				CLANG_CXX_LANGUAGE_STANDARD = "gnu++0x";
				CLANG_CXX_LIBRARY = "libc++";
				CLANG_ENABLE_MODULES = YES;
				CLANG_ENABLE_OBJC_ARC = YES;
				CLANG_WARN_BOOL_CONVERSION = YES;
				CLANG_WARN_CONSTANT_CONVERSION = YES;
				CLANG_WARN_DIRECT_OBJC_ISA_USAGE = YES_ERROR;
				CLANG_WARN_EMPTY_BODY = YES;
				CLANG_WARN_ENUM_CONVERSION = YES;
				CLANG_WARN_INT_CONVERSION = YES;
				CLANG_WARN_OBJC_ROOT_CLASS = YES_ERROR;
				CLANG_WARN__DUPLICATE_METHOD_MATCH = YES;
				"CODE_SIGN_IDENTITY[sdk=iphoneos*]" = "iPhone Developer";
				COPY_PHASE_STRIP = YES;
				ENABLE_NS_ASSERTIONS = NO;
				GCC_C_LANGUAGE_STANDARD = gnu99;
				GCC_WARN_64_TO_32_BIT_CONVERSION = YES;
				GCC_WARN_ABOUT_RETURN_TYPE = YES_ERROR;
				GCC_WARN_UNDECLARED_SELECTOR = YES;
				GCC_WARN_UNINITIALIZED_AUTOS = YES_AGGRESSIVE;
				GCC_WARN_UNUSED_FUNCTION = YES;
				GCC_WARN_UNUSED_VARIABLE = YES;
				IPHONEOS_DEPLOYMENT_TARGET = 7.1;
				SDKROOT = iphoneos;
				VALIDATE_PRODUCT = YES;
			};
			name = Release;
		};
		4E82847C19A900D200E0AC85 /* Debug */ = {
			isa = XCBuildConfiguration;
			buildSettings = {
				ASSETCATALOG_COMPILER_APPICON_NAME = AppIcon;
				ASSETCATALOG_COMPILER_LAUNCHIMAGE_NAME = LaunchImage;
				GCC_PRECOMPILE_PREFIX_HEADER = YES;
				GCC_PREFIX_HEADER = "WatchMyBags/WatchMyBags-Prefix.pch";
				INFOPLIST_FILE = "WatchMyBags/WatchMyBags-Info.plist";
				PRODUCT_NAME = "$(TARGET_NAME)";
				WRAPPER_EXTENSION = app;
			};
			name = Debug;
		};
		4E82847D19A900D200E0AC85 /* Release */ = {
			isa = XCBuildConfiguration;
			buildSettings = {
				ASSETCATALOG_COMPILER_APPICON_NAME = AppIcon;
				ASSETCATALOG_COMPILER_LAUNCHIMAGE_NAME = LaunchImage;
				GCC_PRECOMPILE_PREFIX_HEADER = YES;
				GCC_PREFIX_HEADER = "WatchMyBags/WatchMyBags-Prefix.pch";
				INFOPLIST_FILE = "WatchMyBags/WatchMyBags-Info.plist";
				PRODUCT_NAME = "$(TARGET_NAME)";
				WRAPPER_EXTENSION = app;
			};
			name = Release;
		};
		4E82847F19A900D200E0AC85 /* Debug */ = {
			isa = XCBuildConfiguration;
			buildSettings = {
				BUNDLE_LOADER = "$(BUILT_PRODUCTS_DIR)/WatchMyBags.app/WatchMyBags";
				FRAMEWORK_SEARCH_PATHS = (
					"$(SDKROOT)/Developer/Library/Frameworks",
					"$(inherited)",
					"$(DEVELOPER_FRAMEWORKS_DIR)",
				);
				GCC_PRECOMPILE_PREFIX_HEADER = YES;
				GCC_PREFIX_HEADER = "WatchMyBags/WatchMyBags-Prefix.pch";
				GCC_PREPROCESSOR_DEFINITIONS = (
					"DEBUG=1",
					"$(inherited)",
				);
				INFOPLIST_FILE = "WatchMyBagsTests/WatchMyBagsTests-Info.plist";
				PRODUCT_NAME = "$(TARGET_NAME)";
				TEST_HOST = "$(BUNDLE_LOADER)";
				WRAPPER_EXTENSION = xctest;
			};
			name = Debug;
		};
		4E82848019A900D200E0AC85 /* Release */ = {
			isa = XCBuildConfiguration;
			buildSettings = {
				BUNDLE_LOADER = "$(BUILT_PRODUCTS_DIR)/WatchMyBags.app/WatchMyBags";
				FRAMEWORK_SEARCH_PATHS = (
					"$(SDKROOT)/Developer/Library/Frameworks",
					"$(inherited)",
					"$(DEVELOPER_FRAMEWORKS_DIR)",
				);
				GCC_PRECOMPILE_PREFIX_HEADER = YES;
				GCC_PREFIX_HEADER = "WatchMyBags/WatchMyBags-Prefix.pch";
				INFOPLIST_FILE = "WatchMyBagsTests/WatchMyBagsTests-Info.plist";
				PRODUCT_NAME = "$(TARGET_NAME)";
				TEST_HOST = "$(BUNDLE_LOADER)";
				WRAPPER_EXTENSION = xctest;
			};
			name = Release;
		};
/* End XCBuildConfiguration section */

/* Begin XCConfigurationList section */
		4E82844119A900D200E0AC85 /* Build configuration list for PBXProject "WatchMyBags" */ = {
			isa = XCConfigurationList;
			buildConfigurations = (
				4E82847919A900D200E0AC85 /* Debug */,
				4E82847A19A900D200E0AC85 /* Release */,
			);
			defaultConfigurationIsVisible = 0;
			defaultConfigurationName = Release;
		};
		4E82847B19A900D200E0AC85 /* Build configuration list for PBXNativeTarget "WatchMyBags" */ = {
			isa = XCConfigurationList;
			buildConfigurations = (
				4E82847C19A900D200E0AC85 /* Debug */,
				4E82847D19A900D200E0AC85 /* Release */,
			);
			defaultConfigurationIsVisible = 0;
		};
		4E82847E19A900D200E0AC85 /* Build configuration list for PBXNativeTarget "WatchMyBagsTests" */ = {
			isa = XCConfigurationList;
			buildConfigurations = (
				4E82847F19A900D200E0AC85 /* Debug */,
				4E82848019A900D200E0AC85 /* Release */,
			);
			defaultConfigurationIsVisible = 0;
		};
/* End XCConfigurationList section */
	};
	rootObject = 4E82843E19A900D200E0AC85 /* Project object */;
}
